
Microsoft Visual Studio Solution File, Format Version 12.00
# Visual Studio Version 16
VisualStudioVersion = 16.0.30503.244
MinimumVisualStudioVersion = 10.0.40219.1
Project("{FAE04EC0-301F-11D3-BF4B-00C04F79EFBC}") = "PA3BackEnd", "PA3BackEnd\PA3BackEnd.csproj", "{038CEA11-80EF-41B0-B0D3-4C8A42AC9DD4}"
EndProject
Global
	GlobalSection(SolutionConfigurationPlatforms) = preSolution
		Debug|Any CPU = Debug|Any CPU
		Release|Any CPU = Release|Any CPU
	EndGlobalSection
	GlobalSection(ProjectConfigurationPlatforms) = postSolution
		{038CEA11-80EF-41B0-B0D3-4C8A42AC9DD4}.Debug|Any CPU.ActiveCfg = Debug|Any CPU
		{038CEA11-80EF-41B0-B0D3-4C8A42AC9DD4}.Debug|Any CPU.Build.0 = Debug|Any CPU
		{038CEA11-80EF-41B0-B0D3-4C8A42AC9DD4}.Release|Any CPU.ActiveCfg = Release|Any CPU
		{038CEA11-80EF-41B0-B0D3-4C8A42AC9DD4}.Release|Any CPU.Build.0 = Release|Any CPU
	EndGlobalSection
	GlobalSection(SolutionProperties) = preSolution
		HideSolutionNode = FALSE
	EndGlobalSection
	GlobalSection(ExtensibilityGlobals) = postSolution
		SolutionGuid = {51FD6054-E774-4B1C-865A-91E9DEB5CF06}
	EndGlobalSection
EndGlobal
